// !$*UTF8*$!
{
	archiveVersion = 1;
	classes = {
	};
	objectVersion = 77;
	objects = {

/* Begin PBXBuildFile section */
		DE0523522F3E19CF005AE65F /* Secrets.xcconfig in Resources */ = {isa = PBXBuildFile; fileRef = DE0523512F3E19CF005AE65F /* Secrets.xcconfig */; };
/* End PBXBuildFile section */

/* Begin PBXContainerItemProxy section */
		DE131FDE2F3D2A53001419CD /* PBXContainerItemProxy */ = {
			isa = PBXContainerItemProxy;
			containerPortal = DE131FC82F3D2A51001419CD /* Project object */;
			proxyType = 1;
			remoteGlobalIDString = DE131FCF2F3D2A52001419CD;
			remoteInfo = TokenFuel;
		};
		DE131FE82F3D2A53001419CD /* PBXContainerItemProxy */ = {
			isa = PBXContainerItemProxy;
			containerPortal = DE131FC82F3D2A51001419CD /* Project object */;
			proxyType = 1;
			remoteGlobalIDString = DE131FCF2F3D2A52001419CD;
			remoteInfo = TokenFuel;
		};
/* End PBXContainerItemProxy section */

/* Begin PBXFileReference section */
		DE0523512F3E19CF005AE65F /* Secrets.xcconfig */ = {isa = PBXFileReference; lastKnownFileType = text.xcconfig; path = Secrets.xcconfig; sourceTree = "<group>"; };
		DE131FD02F3D2A52001419CD /* TokenFuel.app */ = {isa = PBXFileReference; explicitFileType = wrapper.application; includeInIndex = 0; path = TokenFuel.app; sourceTree = BUILT_PRODUCTS_DIR; };
		DE131FDD2F3D2A53001419CD /* TokenFuelTests.xctest */ = {isa = PBXFileReference; explicitFileType = wrapper.cfbundle; includeInIndex = 0; path = TokenFuelTests.xctest; sourceTree = BUILT_PRODUCTS_DIR; };
		DE131FE72F3D2A53001419CD /* TokenFuelUITests.xctest */ = {isa = PBXFileReference; explicitFileType = wrapper.cfbundle; includeInIndex = 0; path = TokenFuelUITests.xctest; sourceTree = BUILT_PRODUCTS_DIR; };
/* End PBXFileReference section */

/* Begin PBXFileSystemSynchronizedRootGroup section */
		DE131FD22F3D2A52001419CD /* TokenFuel */ = {
			isa = PBXFileSystemSynchronizedRootGroup;
			path = TokenFuel;
			sourceTree = "<group>";
		};
		DE131FE02F3D2A53001419CD /* TokenFuelTests */ = {
			isa = PBXFileSystemSynchronizedRootGroup;
			path = TokenFuelTests;
			sourceTree = "<group>";
		};
		DE131FEA2F3D2A53001419CD /* TokenFuelUITests */ = {
			isa = PBXFileSystemSynchronizedRootGroup;
			path = TokenFuelUITests;
			sourceTree = "<group>";
		};
/* End PBXFileSystemSynchronizedRootGroup section */

/* Begin PBXFrameworksBuildPhase section */
		DE131FCD2F3D2A52001419CD /* Frameworks */ = {
			isa = PBXFrameworksBuildPhase;
			buildActionMask = 2147483647;
			files = (
			);
			runOnlyForDeploymentPostprocessing = 0;
		};
		DE131FDA2F3D2A53001419CD /* Frameworks */ = {
			isa = PBXFrameworksBuildPhase;
			buildActionMask = 2147483647;
			files = (
			);
			runOnlyForDeploymentPostprocessing = 0;
		};
		DE131FE42F3D2A53001419CD /* Frameworks */ = {
			isa = PBXFrameworksBuildPhase;
			buildActionMask = 2147483647;
			files = (
			);
			runOnlyForDeploymentPostprocessing = 0;
		};
/* End PBXFrameworksBuildPhase section */

/* Begin PBXGroup section */
		DE131FC72F3D2A51001419CD = {
			isa = PBXGroup;
			children = (
				DE0523512F3E19CF005AE65F /* Secrets.xcconfig */,
				DE131FD22F3D2A52001419CD /* TokenFuel */,
				DE131FE02F3D2A53001419CD /* TokenFuelTests */,
				DE131FEA2F3D2A53001419CD /* TokenFuelUITests */,
				DE131FD12F3D2A52001419CD /* Products */,
			);
			sourceTree = "<group>";
		};
		DE131FD12F3D2A52001419CD /* Products */ = {
			isa = PBXGroup;
			children = (
				DE131FD02F3D2A52001419CD /* TokenFuel.app */,
				DE131FDD2F3D2A53001419CD /* TokenFuelTests.xctest */,
				DE131FE72F3D2A53001419CD /* TokenFuelUITests.xctest */,
			);
			name = Products;
			sourceTree = "<group>";
		};
/* End PBXGroup section */

/* Begin PBXNativeTarget section */
		DE131FCF2F3D2A52001419CD /* TokenFuel */ = {
			isa = PBXNativeTarget;
			buildConfigurationList = DE131FF12F3D2A53001419CD /* Build configuration list for PBXNativeTarget "TokenFuel" */;
			buildPhases = (
				DE131FCC2F3D2A52001419CD /* Sources */,
				DE131FCD2F3D2A52001419CD /* Frameworks */,
				DE131FCE2F3D2A52001419CD /* Resources */,
			);
			buildRules = (
			);
			dependencies = (
			);
			fileSystemSynchronizedGroups = (
				DE131FD22F3D2A52001419CD /* TokenFuel */,
			);
			name = TokenFuel;
			packageProductDependencies = (
			);
			productName = TokenFuel;
			productReference = DE131FD02F3D2A52001419CD /* TokenFuel.app */;
			productType = "com.apple.product-type.application";
		};
		DE131FDC2F3D2A53001419CD /* TokenFuelTests */ = {
			isa = PBXNativeTarget;
			buildConfigurationList = DE131FF42F3D2A53001419CD /* Build configuration list for PBXNativeTarget "TokenFuelTests" */;
			buildPhases = (
				DE131FD92F3D2A53001419CD /* Sources */,
				DE131FDA2F3D2A53001419CD /* Frameworks */,
				DE131FDB2F3D2A53001419CD /* Resources */,
			);
			buildRules = (
			);
			dependencies = (
				DE131FDF2F3D2A53001419CD /* PBXTargetDependency */,
			);
			fileSystemSynchronizedGroups = (
				DE131FE02F3D2A53001419CD /* TokenFuelTests */,
			);
			name = TokenFuelTests;
			packageProductDependencies = (
			);
			productName = TokenFuelTests;
			productReference = DE131FDD2F3D2A53001419CD /* TokenFuelTests.xctest */;
			productType = "com.apple.product-type.bundle.unit-test";
		};
		DE131FE62F3D2A53001419CD /* TokenFuelUITests */ = {
			isa = PBXNativeTarget;
			buildConfigurationList = DE131FF72F3D2A53001419CD /* Build configuration list for PBXNativeTarget "TokenFuelUITests" */;
			buildPhases = (
				DE131FE32F3D2A53001419CD /* Sources */,
				DE131FE42F3D2A53001419CD /* Frameworks */,
				DE131FE52F3D2A53001419CD /* Resources */,
			);
			buildRules = (
			);
			dependencies = (
				DE131FE92F3D2A53001419CD /* PBXTargetDependency */,
			);
			fileSystemSynchronizedGroups = (
				DE131FEA2F3D2A53001419CD /* TokenFuelUITests */,
			);
			name = TokenFuelUITests;
			packageProductDependencies = (
			);
			productName = TokenFuelUITests;
			productReference = DE131FE72F3D2A53001419CD /* TokenFuelUITests.xctest */;
			productType = "com.apple.product-type.bundle.ui-testing";
		};
/* End PBXNativeTarget section */

/* Begin PBXProject section */
		DE131FC82F3D2A51001419CD /* Project object */ = {
			isa = PBXProject;
			attributes = {
				BuildIndependentTargetsInParallel = 1;
				LastSwiftUpdateCheck = 2620;
				LastUpgradeCheck = 2620;
				TargetAttributes = {
					DE131FCF2F3D2A52001419CD = {
						CreatedOnToolsVersion = 26.2;
					};
					DE131FDC2F3D2A53001419CD = {
						CreatedOnToolsVersion = 26.2;
						TestTargetID = DE131FCF2F3D2A52001419CD;
					};
					DE131FE62F3D2A53001419CD = {
						CreatedOnToolsVersion = 26.2;
						TestTargetID = DE131FCF2F3D2A52001419CD;
					};
				};
			};
			buildConfigurationList = DE131FCB2F3D2A51001419CD /* Build configuration list for PBXProject "TokenFuel" */;
			developmentRegion = en;
			hasScannedForEncodings = 0;
			knownRegions = (
				en,
				Base,
			);
			mainGroup = DE131FC72F3D2A51001419CD;
			minimizedProjectReferenceProxies = 1;
			preferredProjectObjectVersion = 77;
			productRefGroup = DE131FD12F3D2A52001419CD /* Products */;
			projectDirPath = "";
			projectRoot = "";
			targets = (
				DE131FCF2F3D2A52001419CD /* TokenFuel */,
				DE131FDC2F3D2A53001419CD /* TokenFuelTests */,
				DE131FE62F3D2A53001419CD /* TokenFuelUITests */,
			);
		};
/* End PBXProject section */

/* Begin PBXResourcesBuildPhase section */
		DE131FCE2F3D2A52001419CD /* Resources */ = {
			isa = PBXResourcesBuildPhase;
			buildActionMask = 2147483647;
			files = (
				DE0523522F3E19CF005AE65F /* Secrets.xcconfig in Resources */,
			);
			runOnlyForDeploymentPostprocessing = 0;
		};
		DE131FDB2F3D2A53001419CD /* Resources */ = {
			isa = PBXResourcesBuildPhase;
			buildActionMask = 2147483647;
			files = (
			);
			runOnlyForDeploymentPostprocessing = 0;
		};
		DE131FE52F3D2A53001419CD /* Resources */ = {
			isa = PBXResourcesBuildPhase;
			buildActionMask = 2147483647;
			files = (
			);
			runOnlyForDeploymentPostprocessing = 0;
		};
/* End PBXResourcesBuildPhase section */

/* Begin PBXSourcesBuildPhase section */
		DE131FCC2F3D2A52001419CD /* Sources */ = {
			isa = PBXSourcesBuildPhase;
			buildActionMask = 2147483647;
			files = (
			);
			runOnlyForDeploymentPostprocessing = 0;
		};
		DE131FD92F3D2A53001419CD /* Sources */ = {
			isa = PBXSourcesBuildPhase;
			buildActionMask = 2147483647;
			files = (
			);
			runOnlyForDeploymentPostprocessing = 0;
		};
		DE131FE32F3D2A53001419CD /* Sources */ = {
			isa = PBXSourcesBuildPhase;
			buildActionMask = 2147483647;
			files = (
			);
			runOnlyForDeploymentPostprocessing = 0;
		};
/* End PBXSourcesBuildPhase section */

/* Begin PBXTargetDependency section */
		DE131FDF2F3D2A53001419CD /* PBXTargetDependency */ = {
			isa = PBXTargetDependency;
			target = DE131FCF2F3D2A52001419CD /* TokenFuel */;
			targetProxy = DE131FDE2F3D2A53001419CD /* PBXContainerItemProxy */;
		};
		DE131FE92F3D2A53001419CD /* PBXTargetDependency */ = {
			isa = PBXTargetDependency;
			target = DE131FCF2F3D2A52001419CD /* TokenFuel */;
			targetProxy = DE131FE82F3D2A53001419CD /* PBXContainerItemProxy */;
		};
/* End PBXTargetDependency section */

/* Begin XCBuildConfiguration section */
		DE131FEF2F3D2A53001419CD /* Debug */ = {
			isa = XCBuildConfiguration;
			buildSettings = {
				ALWAYS_SEARCH_USER_PATHS = NO;
				ASSETCATALOG_COMPILER_GENERATE_SWIFT_ASSET_SYMBOL_EXTENSIONS = YES;
				CLANG_ANALYZER_NONNULL = YES;
				CLANG_ANALYZER_NUMBER_OBJECT_CONVERSION = YES_AGGRESSIVE;
				CLANG_CXX_LANGUAGE_STANDARD = "gnu++20";
				CLANG_ENABLE_MODULES = YES;
				CLANG_ENABLE_OBJC_ARC = YES;
				CLANG_ENABLE_OBJC_WEAK = YES;
				CLANG_WARN_BLOCK_CAPTURE_AUTORELEASING = YES;
				CLANG_WARN_BOOL_CONVERSION = YES;
				CLANG_WARN_COMMA = YES;
				CLANG_WARN_CONSTANT_CONVERSION = YES;
				CLANG_WARN_DEPRECATED_OBJC_IMPLEMENTATIONS = YES;
				CLANG_WARN_DIRECT_OBJC_ISA_USAGE = YES_ERROR;
				CLANG_WARN_DOCUMENTATION_COMMENTS = YES;
				CLANG_WARN_EMPTY_BODY = YES;
				CLANG_WARN_ENUM_CONVERSION = YES;
				CLANG_WARN_INFINITE_RECURSION = YES;
				CLANG_WARN_INT_CONVERSION = YES;
				CLANG_WARN_NON_LITERAL_NULL_CONVERSION = YES;
				CLANG_WARN_OBJC_IMPLICIT_RETAIN_SELF = YES;
				CLANG_WARN_OBJC_LITERAL_CONVERSION = YES;
				CLANG_WARN_OBJC_ROOT_CLASS = YES_ERROR;
				CLANG_WARN_QUOTED_INCLUDE_IN_FRAMEWORK_HEADER = YES;
				CLANG_WARN_RANGE_LOOP_ANALYSIS = YES;
				CLANG_WARN_STRICT_PROTOTYPES = YES;
				CLANG_WARN_SUSPICIOUS_MOVE = YES;
				CLANG_WARN_UNGUARDED_AVAILABILITY = YES_AGGRESSIVE;
				CLANG_WARN_UNREACHABLE_CODE = YES;
				CLANG_WARN__DUPLICATE_METHOD_MATCH = YES;
				COPY_PHASE_STRIP = NO;
				DEBUG_INFORMATION_FORMAT = dwarf;
				ENABLE_STRICT_OBJC_MSGSEND = YES;
				ENABLE_TESTABILITY = YES;
				ENABLE_USER_SCRIPT_SANDBOXING = YES;
				GCC_C_LANGUAGE_STANDARD = gnu17;
				GCC_DYNAMIC_NO_PIC = NO;
				GCC_NO_COMMON_BLOCKS = YES;
				GCC_OPTIMIZATION_LEVEL = 0;
				GCC_PREPROCESSOR_DEFINITIONS = (
					"DEBUG=1",
					"$(inherited)",
				);
				GCC_WARN_64_TO_32_BIT_CONVERSION = YES;
				GCC_WARN_ABOUT_RETURN_TYPE = YES_ERROR;
				GCC_WARN_UNDECLARED_SELECTOR = YES;
				GCC_WARN_UNINITIALIZED_AUTOS = YES_AGGRESSIVE;
				GCC_WARN_UNUSED_FUNCTION = YES;
				GCC_WARN_UNUSED_VARIABLE = YES;
				LOCALIZATION_PREFERS_STRING_CATALOGS = YES;
				MACOSX_DEPLOYMENT_TARGET = 14.0;
				MTL_ENABLE_DEBUG_INFO = INCLUDE_SOURCE;
				MTL_FAST_MATH = YES;
				ONLY_ACTIVE_ARCH = YES;
				SDKROOT = macosx;
				SWIFT_ACTIVE_COMPILATION_CONDITIONS = "DEBUG $(inherited)";
				SWIFT_OPTIMIZATION_LEVEL = "-Onone";
			};
			name = Debug;
		};
		DE131FF02F3D2A53001419CD /* Release */ = {
			isa = XCBuildConfiguration;
			buildSettings = {
				ALWAYS_SEARCH_USER_PATHS = NO;
				ASSETCATALOG_COMPILER_GENERATE_SWIFT_ASSET_SYMBOL_EXTENSIONS = YES;
				CLANG_ANALYZER_NONNULL = YES;
				CLANG_ANALYZER_NUMBER_OBJECT_CONVERSION = YES_AGGRESSIVE;
				CLANG_CXX_LANGUAGE_STANDARD = "gnu++20";
				CLANG_ENABLE_MODULES = YES;
				CLANG_ENABLE_OBJC_ARC = YES;
				CLANG_ENABLE_OBJC_WEAK = YES;
				CLANG_WARN_BLOCK_CAPTURE_AUTORELEASING = YES;
				CLANG_WARN_BOOL_CONVERSION = YES;
				CLANG_WARN_COMMA = YES;
				CLANG_WARN_CONSTANT_CONVERSION = YES;
				CLANG_WARN_DEPRECATED_OBJC_IMPLEMENTATIONS = YES;
				CLANG_WARN_DIRECT_OBJC_ISA_USAGE = YES_ERROR;
				CLANG_WARN_DOCUMENTATION_COMMENTS = YES;
				CLANG_WARN_EMPTY_BODY = YES;
				CLANG_WARN_ENUM_CONVERSION = YES;
				CLANG_WARN_INFINITE_RECURSION = YES;
				CLANG_WARN_INT_CONVERSION = YES;
				CLANG_WARN_NON_LITERAL_NULL_CONVERSION = YES;
				CLANG_WARN_OBJC_IMPLICIT_RETAIN_SELF = YES;
				CLANG_WARN_OBJC_LITERAL_CONVERSION = YES;
				CLANG_WARN_OBJC_ROOT_CLASS = YES_ERROR;
				CLANG_WARN_QUOTED_INCLUDE_IN_FRAMEWORK_HEADER = YES;
				CLANG_WARN_RANGE_LOOP_ANALYSIS = YES;
				CLANG_WARN_STRICT_PROTOTYPES = YES;
				CLANG_WARN_SUSPICIOUS_MOVE = YES;
				CLANG_WARN_UNGUARDED_AVAILABILITY = YES_AGGRESSIVE;
				CLANG_WARN_UNREACHABLE_CODE = YES;
				CLANG_WARN__DUPLICATE_METHOD_MATCH = YES;
				COPY_PHASE_STRIP = NO;
				DEBUG_INFORMATION_FORMAT = "dwarf-with-dsym";
				ENABLE_NS_ASSERTIONS = NO;
				ENABLE_STRICT_OBJC_MSGSEND = YES;
				ENABLE_USER_SCRIPT_SANDBOXING = YES;
				GCC_C_LANGUAGE_STANDARD = gnu17;
				GCC_NO_COMMON_BLOCKS = YES;
				GCC_WARN_64_TO_32_BIT_CONVERSION = YES;
				GCC_WARN_ABOUT_RETURN_TYPE = YES_ERROR;
				GCC_WARN_UNDECLARED_SELECTOR = YES;
				GCC_WARN_UNINITIALIZED_AUTOS = YES_AGGRESSIVE;
				GCC_WARN_UNUSED_FUNCTION = YES;
				GCC_WARN_UNUSED_VARIABLE = YES;
				LOCALIZATION_PREFERS_STRING_CATALOGS = YES;
				MACOSX_DEPLOYMENT_TARGET = 14.0;
				MTL_ENABLE_DEBUG_INFO = NO;
				MTL_FAST_MATH = YES;
				SDKROOT = macosx;
				SWIFT_COMPILATION_MODE = wholemodule;
			};
			name = Release;
		};
		DE131FF22F3D2A53001419CD /* Debug */ = {
			isa = XCBuildConfiguration;
			baseConfigurationReference = DE0523512F3E19CF005AE65F /* Secrets.xcconfig */;
			buildSettings = {
				ASSETCATALOG_COMPILER_APPICON_NAME = AppIcon;
				ASSETCATALOG_COMPILER_GLOBAL_ACCENT_COLOR_NAME = AccentColor;
				"CODE_SIGN_IDENTITY[sdk=macosx*]" = "-";
				CODE_SIGN_STYLE = Automatic;
				COMBINE_HIDPI_IMAGES = YES;
				CURRENT_PROJECT_VERSION = 1;
				DEVELOPMENT_TEAM = 37V4QV3KXN;
				ENABLE_APP_SANDBOX = NO;
				ENABLE_PREVIEWS = YES;
				ENABLE_USER_SELECTED_FILES = readonly;
				GENERATE_INFOPLIST_FILE = YES;
				INFOPLIST_FILE = TokenFuel/Info.plist;
				INFOPLIST_KEY_LSUIElement = YES;
				INFOPLIST_KEY_NSHumanReadableCopyright = "";
				LD_RUNPATH_SEARCH_PATHS = (
					"$(inherited)",
					"@executable_path/../Frameworks",
				);
				MARKETING_VERSION = 1.0;
				PRODUCT_BUNDLE_IDENTIFIER = tech.pushtoprod.TokenFuel;
				PRODUCT_NAME = "$(TARGET_NAME)";
				REGISTER_APP_GROUPS = YES;
				STRING_CATALOG_GENERATE_SYMBOLS = YES;
				SWIFT_APPROACHABLE_CONCURRENCY = YES;
				SWIFT_DEFAULT_ACTOR_ISOLATION = MainActor;
				SWIFT_EMIT_LOC_STRINGS = YES;
				SWIFT_UPCOMING_FEATURE_MEMBER_IMPORT_VISIBILITY = YES;
				SWIFT_VERSION = 5.0;
			};
			name = Debug;
		};
		DE131FF32F3D2A53001419CD /* Release */ = {
			isa = XCBuildConfiguration;
			buildSettings = {
				ASSETCATALOG_COMPILER_APPICON_NAME = AppIcon;
				ASSETCATALOG_COMPILER_GLOBAL_ACCENT_COLOR_NAME = AccentColor;
				"CODE_SIGN_IDENTITY[sdk=macosx*]" = "-";
				CODE_SIGN_STYLE = Automatic;
				COMBINE_HIDPI_IMAGES = YES;
				CURRENT_PROJECT_VERSION = 1;
				DEVELOPMENT_TEAM = 37V4QV3KXN;
				ENABLE_APP_SANDBOX = NO;
				ENABLE_PREVIEWS = YES;
				ENABLE_USER_SELECTED_FILES = readonly;
				GENERATE_INFOPLIST_FILE = YES;
				INFOPLIST_KEY_LSUIElement = YES;
				INFOPLIST_KEY_NSHumanReadableCopyright = "";
				LD_RUNPATH_SEARCH_PATHS = (
					"$(inherited)",
					"@executable_path/../Frameworks",
				);
				MARKETING_VERSION = 1.0;
				PRODUCT_BUNDLE_IDENTIFIER = tech.pushtoprod.TokenFuel;
				PRODUCT_NAME = "$(TARGET_NAME)";
				REGISTER_APP_GROUPS = YES;
				STRING_CATALOG_GENERATE_SYMBOLS = YES;
				SWIFT_APPROACHABLE_CONCURRENCY = YES;
				SWIFT_DEFAULT_ACTOR_ISOLATION = MainActor;
				SWIFT_EMIT_LOC_STRINGS = YES;
				SWIFT_UPCOMING_FEATURE_MEMBER_IMPORT_VISIBILITY = YES;
				SWIFT_VERSION = 5.0;
			};
			name = Release;
		};
		DE131FF52F3D2A53001419CD /* Debug */ = {
			isa = XCBuildConfiguration;
			buildSettings = {
				BUNDLE_LOADER = "$(TEST_HOST)";
				CODE_SIGN_STYLE = Automatic;
				CURRENT_PROJECT_VERSION = 1;
				GENERATE_INFOPLIST_FILE = YES;
				MACOSX_DEPLOYMENT_TARGET = 14.0;
				MARKETING_VERSION = 1.0;
				PRODUCT_BUNDLE_IDENTIFIER = tech.pushtoprod.TokenFuelTests;
				PRODUCT_NAME = "$(TARGET_NAME)";
				STRING_CATALOG_GENERATE_SYMBOLS = NO;
				SWIFT_APPROACHABLE_CONCURRENCY = YES;
				SWIFT_EMIT_LOC_STRINGS = NO;
				SWIFT_UPCOMING_FEATURE_MEMBER_IMPORT_VISIBILITY = YES;
				SWIFT_VERSION = 5.0;
				TEST_HOST = "$(BUILT_PRODUCTS_DIR)/TokenFuel.app/$(BUNDLE_EXECUTABLE_FOLDER_PATH)/TokenFuel";
			};
			name = Debug;
		};
		DE131FF62F3D2A53001419CD /* Release */ = {
			isa = XCBuildConfiguration;
			buildSettings = {
				BUNDLE_LOADER = "$(TEST_HOST)";
				CODE_SIGN_STYLE = Automatic;
				CURRENT_PROJECT_VERSION = 1;
				GENERATE_INFOPLIST_FILE = YES;
				MACOSX_DEPLOYMENT_TARGET = 14.0;
				MARKETING_VERSION = 1.0;
				PRODUCT_BUNDLE_IDENTIFIER = tech.pushtoprod.TokenFuelTests;
				PRODUCT_NAME = "$(TARGET_NAME)";
				STRING_CATALOG_GENERATE_SYMBOLS = NO;
				SWIFT_APPROACHABLE_CONCURRENCY = YES;
				SWIFT_EMIT_LOC_STRINGS = NO;
				SWIFT_UPCOMING_FEATURE_MEMBER_IMPORT_VISIBILITY = YES;
				SWIFT_VERSION = 5.0;
				TEST_HOST = "$(BUILT_PRODUCTS_DIR)/TokenFuel.app/$(BUNDLE_EXECUTABLE_FOLDER_PATH)/TokenFuel";
			};
			name = Release;
		};
		DE131FF82F3D2A53001419CD /* Debug */ = {
			isa = XCBuildConfiguration;
			buildSettings = {
				CODE_SIGN_STYLE = Automatic;
				CURRENT_PROJECT_VERSION = 1;
				GENERATE_INFOPLIST_FILE = YES;
				MARKETING_VERSION = 1.0;
				PRODUCT_BUNDLE_IDENTIFIER = tech.pushtoprod.TokenFuelUITests;
				PRODUCT_NAME = "$(TARGET_NAME)";
				STRING_CATALOG_GENERATE_SYMBOLS = NO;
				SWIFT_APPROACHABLE_CONCURRENCY = YES;
				SWIFT_EMIT_LOC_STRINGS = NO;
				SWIFT_UPCOMING_FEATURE_MEMBER_IMPORT_VISIBILITY = YES;
				SWIFT_VERSION = 5.0;
				TEST_TARGET_NAME = TokenFuel;
			};
			name = Debug;
		};
		DE131FF92F3D2A53001419CD /* Release */ = {
			isa = XCBuildConfiguration;
			buildSettings = {
				CODE_SIGN_STYLE = Automatic;
				CURRENT_PROJECT_VERSION = 1;
				GENERATE_INFOPLIST_FILE = YES;
				MARKETING_VERSION = 1.0;
				PRODUCT_BUNDLE_IDENTIFIER = tech.pushtoprod.TokenFuelUITests;
				PRODUCT_NAME = "$(TARGET_NAME)";
				STRING_CATALOG_GENERATE_SYMBOLS = NO;
				SWIFT_APPROACHABLE_CONCURRENCY = YES;
				SWIFT_EMIT_LOC_STRINGS = NO;
				SWIFT_UPCOMING_FEATURE_MEMBER_IMPORT_VISIBILITY = YES;
				SWIFT_VERSION = 5.0;
				TEST_TARGET_NAME = TokenFuel;
			};
			name = Release;
		};
/* End XCBuildConfiguration section */

/* Begin XCConfigurationList section */
		DE131FCB2F3D2A51001419CD /* Build configuration list for PBXProject "TokenFuel" */ = {
			isa = XCConfigurationList;
			buildConfigurations = (
				DE131FEF2F3D2A53001419CD /* Debug */,
				DE131FF02F3D2A53001419CD /* Release */,
			);
			defaultConfigurationIsVisible = 0;
			defaultConfigurationName = Release;
		};
		DE131FF12F3D2A53001419CD /* Build configuration list for PBXNativeTarget "TokenFuel" */ = {
			isa = XCConfigurationList;
			buildConfigurations = (
				DE131FF22F3D2A53001419CD /* Debug */,
				DE131FF32F3D2A53001419CD /* Release */,
			);
			defaultConfigurationIsVisible = 0;
			defaultConfigurationName = Release;
		};
		DE131FF42F3D2A53001419CD /* Build configuration list for PBXNativeTarget "TokenFuelTests" */ = {
			isa = XCConfigurationList;
			buildConfigurations = (
				DE131FF52F3D2A53001419CD /* Debug */,
				DE131FF62F3D2A53001419CD /* Release */,
			);
			defaultConfigurationIsVisible = 0;
			defaultConfigurationName = Release;
		};
		DE131FF72F3D2A53001419CD /* Build configuration list for PBXNativeTarget "TokenFuelUITests" */ = {
			isa = XCConfigurationList;
			buildConfigurations = (
				DE131FF82F3D2A53001419CD /* Debug */,
				DE131FF92F3D2A53001419CD /* Release */,
			);
			defaultConfigurationIsVisible = 0;
			defaultConfigurationName = Release;
		};
/* End XCConfigurationList section */
	};
	rootObject = DE131FC82F3D2A51001419CD /* Project object */;
}
